
Microsoft Visual Studio Solution File, Format Version 12.00
# Visual Studio Version 17
VisualStudioVersion = 17.14.36408.4
MinimumVisualStudioVersion = 10.0.40219.1
Project("{FAE04EC0-301F-11D3-BF4B-00C04F79EFBC}") = "VideojuegosApp", "VideojuegosApp\VideojuegosApp.csproj", "{0FB55C9D-8EF6-43F7-BFB0-1481F2EB7C53}"
EndProject
Global
	GlobalSection(SolutionConfigurationPlatforms) = preSolution
		Debug|Any CPU = Debug|Any CPU
		Release|Any CPU = Release|Any CPU
	EndGlobalSection
	GlobalSection(ProjectConfigurationPlatforms) = postSolution
		{0FB55C9D-8EF6-43F7-BFB0-1481F2EB7C53}.Debug|Any CPU.ActiveCfg = Debug|Any CPU
		{0FB55C9D-8EF6-43F7-BFB0-1481F2EB7C53}.Debug|Any CPU.Build.0 = Debug|Any CPU
		{0FB55C9D-8EF6-43F7-BFB0-1481F2EB7C53}.Debug|Any CPU.Deploy.0 = Debug|Any CPU
		{0FB55C9D-8EF6-43F7-BFB0-1481F2EB7C53}.Release|Any CPU.ActiveCfg = Release|Any CPU
		{0FB55C9D-8EF6-43F7-BFB0-1481F2EB7C53}.Release|Any CPU.Build.0 = Release|Any CPU
		{0FB55C9D-8EF6-43F7-BFB0-1481F2EB7C53}.Release|Any CPU.Deploy.0 = Release|Any CPU
	EndGlobalSection
	GlobalSection(SolutionProperties) = preSolution
		HideSolutionNode = FALSE
	EndGlobalSection
	GlobalSection(ExtensibilityGlobals) = postSolution
		SolutionGuid = {F4382CF2-65BA-4B65-B936-9A4A12D796B6}
	EndGlobalSection
EndGlobal
